
Microsoft Visual Studio Solution File, Format Version 12.00
# Visual Studio Version 17
VisualStudioVersion = 17.5.002.0
MinimumVisualStudioVersion = 10.0.40219.1
Project("{9A19103F-16F7-4668-BE54-9A1E7A4F7556}") = "AlMocar", "AlMocar.csproj", "{F1198589-B0EF-41DC-B65F-5626BF470DC6}"
EndProject
Global
	GlobalSection(SolutionConfigurationPlatforms) = preSolution
		Debug|Any CPU = Debug|Any CPU
		Release|Any CPU = Release|Any CPU
	EndGlobalSection
	GlobalSection(ProjectConfigurationPlatforms) = postSolution
		{F1198589-B0EF-41DC-B65F-5626BF470DC6}.Debug|Any CPU.ActiveCfg = Debug|Any CPU
		{F1198589-B0EF-41DC-B65F-5626BF470DC6}.Debug|Any CPU.Build.0 = Debug|Any CPU
		{F1198589-B0EF-41DC-B65F-5626BF470DC6}.Release|Any CPU.ActiveCfg = Release|Any CPU
		{F1198589-B0EF-41DC-B65F-5626BF470DC6}.Release|Any CPU.Build.0 = Release|Any CPU
	EndGlobalSection
	GlobalSection(SolutionProperties) = preSolution
		HideSolutionNode = FALSE
	EndGlobalSection
	GlobalSection(ExtensibilityGlobals) = postSolution
		SolutionGuid = {EE6E79F3-04AE-4CFF-88E2-10F6991CFB3A}
	EndGlobalSection
EndGlobal
